// !$*UTF8*$!
{
	archiveVersion = 1;
	classes = {
	};
	objectVersion = 55;
	objects = {

/* Begin PBXBuildFile section */
		B87E48FF27A7019D002E5111 /* StargazeApp.swift in Sources */ = {isa = PBXBuildFile; fileRef = B87E48FE27A7019D002E5111 /* StargazeApp.swift */; };
		B87E490127A7019D002E5111 /* ContentView.swift in Sources */ = {isa = PBXBuildFile; fileRef = B87E490027A7019D002E5111 /* ContentView.swift */; };
		B87E490327A7019F002E5111 /* Assets.xcassets in Resources */ = {isa = PBXBuildFile; fileRef = B87E490227A7019F002E5111 /* Assets.xcassets */; };
		B87E490627A7019F002E5111 /* Preview Assets.xcassets in Resources */ = {isa = PBXBuildFile; fileRef = B87E490527A7019F002E5111 /* Preview Assets.xcassets */; };
		B87E491027A7019F002E5111 /* StargazeTests.swift in Sources */ = {isa = PBXBuildFile; fileRef = B87E490F27A7019F002E5111 /* StargazeTests.swift */; };
		B87E491A27A7019F002E5111 /* StargazeUITests.swift in Sources */ = {isa = PBXBuildFile; fileRef = B87E491927A7019F002E5111 /* StargazeUITests.swift */; };
		B87E491C27A7019F002E5111 /* StargazeUITestsLaunchTests.swift in Sources */ = {isa = PBXBuildFile; fileRef = B87E491B27A7019F002E5111 /* StargazeUITestsLaunchTests.swift */; };
		B87E492A27A70220002E5111 /* Resolver in Frameworks */ = {isa = PBXBuildFile; productRef = B87E492927A70220002E5111 /* Resolver */; };
		B87E492D27A70239002E5111 /* SwiftUICombineToolBox in Frameworks */ = {isa = PBXBuildFile; productRef = B87E492C27A70239002E5111 /* SwiftUICombineToolBox */; };
		B87E493027A7031E002E5111 /* Kingfisher in Frameworks */ = {isa = PBXBuildFile; productRef = B87E492F27A7031E002E5111 /* Kingfisher */; };
/* End PBXBuildFile section */

/* Begin PBXContainerItemProxy section */
		B87E490C27A7019F002E5111 /* PBXContainerItemProxy */ = {
			isa = PBXContainerItemProxy;
			containerPortal = B87E48F327A7019D002E5111 /* Project object */;
			proxyType = 1;
			remoteGlobalIDString = B87E48FA27A7019D002E5111;
			remoteInfo = Stargaze;
		};
		B87E491627A7019F002E5111 /* PBXContainerItemProxy */ = {
			isa = PBXContainerItemProxy;
			containerPortal = B87E48F327A7019D002E5111 /* Project object */;
			proxyType = 1;
			remoteGlobalIDString = B87E48FA27A7019D002E5111;
			remoteInfo = Stargaze;
		};
/* End PBXContainerItemProxy section */

/* Begin PBXFileReference section */
		B87E48FB27A7019D002E5111 /* Stargaze.app */ = {isa = PBXFileReference; explicitFileType = wrapper.application; includeInIndex = 0; path = Stargaze.app; sourceTree = BUILT_PRODUCTS_DIR; };
		B87E48FE27A7019D002E5111 /* StargazeApp.swift */ = {isa = PBXFileReference; lastKnownFileType = sourcecode.swift; path = StargazeApp.swift; sourceTree = "<group>"; };
		B87E490027A7019D002E5111 /* ContentView.swift */ = {isa = PBXFileReference; lastKnownFileType = sourcecode.swift; path = ContentView.swift; sourceTree = "<group>"; };
		B87E490227A7019F002E5111 /* Assets.xcassets */ = {isa = PBXFileReference; lastKnownFileType = folder.assetcatalog; path = Assets.xcassets; sourceTree = "<group>"; };
		B87E490527A7019F002E5111 /* Preview Assets.xcassets */ = {isa = PBXFileReference; lastKnownFileType = folder.assetcatalog; path = "Preview Assets.xcassets"; sourceTree = "<group>"; };
		B87E490B27A7019F002E5111 /* StargazeTests.xctest */ = {isa = PBXFileReference; explicitFileType = wrapper.cfbundle; includeInIndex = 0; path = StargazeTests.xctest; sourceTree = BUILT_PRODUCTS_DIR; };
		B87E490F27A7019F002E5111 /* StargazeTests.swift */ = {isa = PBXFileReference; lastKnownFileType = sourcecode.swift; path = StargazeTests.swift; sourceTree = "<group>"; };
		B87E491527A7019F002E5111 /* StargazeUITests.xctest */ = {isa = PBXFileReference; explicitFileType = wrapper.cfbundle; includeInIndex = 0; path = StargazeUITests.xctest; sourceTree = BUILT_PRODUCTS_DIR; };
		B87E491927A7019F002E5111 /* StargazeUITests.swift */ = {isa = PBXFileReference; lastKnownFileType = sourcecode.swift; path = StargazeUITests.swift; sourceTree = "<group>"; };
		B87E491B27A7019F002E5111 /* StargazeUITestsLaunchTests.swift */ = {isa = PBXFileReference; lastKnownFileType = sourcecode.swift; path = StargazeUITestsLaunchTests.swift; sourceTree = "<group>"; };
		B87E493427A70474002E5111 /* PersistenceStorage */ = {isa = PBXFileReference; lastKnownFileType = wrapper; path = PersistenceStorage; sourceTree = "<group>"; };
/* End PBXFileReference section */

/* Begin PBXFrameworksBuildPhase section */
		B87E48F827A7019D002E5111 /* Frameworks */ = {
			isa = PBXFrameworksBuildPhase;
			buildActionMask = 2147483647;
			files = (
				B87E493027A7031E002E5111 /* Kingfisher in Frameworks */,
				B87E492D27A70239002E5111 /* SwiftUICombineToolBox in Frameworks */,
				B87E492A27A70220002E5111 /* Resolver in Frameworks */,
			);
			runOnlyForDeploymentPostprocessing = 0;
		};
		B87E490827A7019F002E5111 /* Frameworks */ = {
			isa = PBXFrameworksBuildPhase;
			buildActionMask = 2147483647;
			files = (
			);
			runOnlyForDeploymentPostprocessing = 0;
		};
		B87E491227A7019F002E5111 /* Frameworks */ = {
			isa = PBXFrameworksBuildPhase;
			buildActionMask = 2147483647;
			files = (
			);
			runOnlyForDeploymentPostprocessing = 0;
		};
/* End PBXFrameworksBuildPhase section */

/* Begin PBXGroup section */
		B87E48F227A7019D002E5111 = {
			isa = PBXGroup;
			children = (
				B87E493327A7038E002E5111 /* Frameworks */,
				B87E48FD27A7019D002E5111 /* Stargaze */,
				B87E490E27A7019F002E5111 /* StargazeTests */,
				B87E491827A7019F002E5111 /* StargazeUITests */,
				B87E48FC27A7019D002E5111 /* Products */,
			);
			sourceTree = "<group>";
		};
		B87E48FC27A7019D002E5111 /* Products */ = {
			isa = PBXGroup;
			children = (
				B87E48FB27A7019D002E5111 /* Stargaze.app */,
				B87E490B27A7019F002E5111 /* StargazeTests.xctest */,
				B87E491527A7019F002E5111 /* StargazeUITests.xctest */,
			);
			name = Products;
			sourceTree = "<group>";
		};
		B87E48FD27A7019D002E5111 /* Stargaze */ = {
			isa = PBXGroup;
			children = (
				B87E48FE27A7019D002E5111 /* StargazeApp.swift */,
				B87E490027A7019D002E5111 /* ContentView.swift */,
				B87E490227A7019F002E5111 /* Assets.xcassets */,
				B87E490427A7019F002E5111 /* Preview Content */,
			);
			path = Stargaze;
			sourceTree = "<group>";
		};
		B87E490427A7019F002E5111 /* Preview Content */ = {
			isa = PBXGroup;
			children = (
				B87E490527A7019F002E5111 /* Preview Assets.xcassets */,
			);
			path = "Preview Content";
			sourceTree = "<group>";
		};
		B87E490E27A7019F002E5111 /* StargazeTests */ = {
			isa = PBXGroup;
			children = (
				B87E490F27A7019F002E5111 /* StargazeTests.swift */,
			);
			path = StargazeTests;
			sourceTree = "<group>";
		};
		B87E491827A7019F002E5111 /* StargazeUITests */ = {
			isa = PBXGroup;
			children = (
				B87E491927A7019F002E5111 /* StargazeUITests.swift */,
				B87E491B27A7019F002E5111 /* StargazeUITestsLaunchTests.swift */,
			);
			path = StargazeUITests;
			sourceTree = "<group>";
		};
		B87E493327A7038E002E5111 /* Frameworks */ = {
			isa = PBXGroup;
			children = (
				B87E493427A70474002E5111 /* PersistenceStorage */,
			);
			path = Frameworks;
			sourceTree = "<group>";
		};
/* End PBXGroup section */

/* Begin PBXNativeTarget section */
		B87E48FA27A7019D002E5111 /* Stargaze */ = {
			isa = PBXNativeTarget;
			buildConfigurationList = B87E491F27A7019F002E5111 /* Build configuration list for PBXNativeTarget "Stargaze" */;
			buildPhases = (
				B87E48F727A7019D002E5111 /* Sources */,
				B87E48F827A7019D002E5111 /* Frameworks */,
				B87E48F927A7019D002E5111 /* Resources */,
			);
			buildRules = (
			);
			dependencies = (
			);
			name = Stargaze;
			packageProductDependencies = (
				B87E492927A70220002E5111 /* Resolver */,
				B87E492C27A70239002E5111 /* SwiftUICombineToolBox */,
				B87E492F27A7031E002E5111 /* Kingfisher */,
			);
			productName = Stargaze;
			productReference = B87E48FB27A7019D002E5111 /* Stargaze.app */;
			productType = "com.apple.product-type.application";
		};
		B87E490A27A7019F002E5111 /* StargazeTests */ = {
			isa = PBXNativeTarget;
			buildConfigurationList = B87E492227A7019F002E5111 /* Build configuration list for PBXNativeTarget "StargazeTests" */;
			buildPhases = (
				B87E490727A7019F002E5111 /* Sources */,
				B87E490827A7019F002E5111 /* Frameworks */,
				B87E490927A7019F002E5111 /* Resources */,
			);
			buildRules = (
			);
			dependencies = (
				B87E490D27A7019F002E5111 /* PBXTargetDependency */,
			);
			name = StargazeTests;
			productName = StargazeTests;
			productReference = B87E490B27A7019F002E5111 /* StargazeTests.xctest */;
			productType = "com.apple.product-type.bundle.unit-test";
		};
		B87E491427A7019F002E5111 /* StargazeUITests */ = {
			isa = PBXNativeTarget;
			buildConfigurationList = B87E492527A7019F002E5111 /* Build configuration list for PBXNativeTarget "StargazeUITests" */;
			buildPhases = (
				B87E491127A7019F002E5111 /* Sources */,
				B87E491227A7019F002E5111 /* Frameworks */,
				B87E491327A7019F002E5111 /* Resources */,
			);
			buildRules = (
			);
			dependencies = (
				B87E491727A7019F002E5111 /* PBXTargetDependency */,
			);
			name = StargazeUITests;
			productName = StargazeUITests;
			productReference = B87E491527A7019F002E5111 /* StargazeUITests.xctest */;
			productType = "com.apple.product-type.bundle.ui-testing";
		};
/* End PBXNativeTarget section */

/* Begin PBXProject section */
		B87E48F327A7019D002E5111 /* Project object */ = {
			isa = PBXProject;
			attributes = {
				BuildIndependentTargetsInParallel = 1;
				LastSwiftUpdateCheck = 1320;
				LastUpgradeCheck = 1320;
				TargetAttributes = {
					B87E48FA27A7019D002E5111 = {
						CreatedOnToolsVersion = 13.2.1;
					};
					B87E490A27A7019F002E5111 = {
						CreatedOnToolsVersion = 13.2.1;
						TestTargetID = B87E48FA27A7019D002E5111;
					};
					B87E491427A7019F002E5111 = {
						CreatedOnToolsVersion = 13.2.1;
						TestTargetID = B87E48FA27A7019D002E5111;
					};
				};
			};
			buildConfigurationList = B87E48F627A7019D002E5111 /* Build configuration list for PBXProject "Stargaze" */;
			compatibilityVersion = "Xcode 13.0";
			developmentRegion = en;
			hasScannedForEncodings = 0;
			knownRegions = (
				en,
				Base,
			);
			mainGroup = B87E48F227A7019D002E5111;
			packageReferences = (
				B87E492827A70220002E5111 /* XCRemoteSwiftPackageReference "Resolver" */,
				B87E492B27A70238002E5111 /* XCRemoteSwiftPackageReference "SwiftUICombineToolBox" */,
				B87E492E27A7031E002E5111 /* XCRemoteSwiftPackageReference "Kingfisher" */,
			);
			productRefGroup = B87E48FC27A7019D002E5111 /* Products */;
			projectDirPath = "";
			projectRoot = "";
			targets = (
				B87E48FA27A7019D002E5111 /* Stargaze */,
				B87E490A27A7019F002E5111 /* StargazeTests */,
				B87E491427A7019F002E5111 /* StargazeUITests */,
			);
		};
/* End PBXProject section */

/* Begin PBXResourcesBuildPhase section */
		B87E48F927A7019D002E5111 /* Resources */ = {
			isa = PBXResourcesBuildPhase;
			buildActionMask = 2147483647;
			files = (
				B87E490627A7019F002E5111 /* Preview Assets.xcassets in Resources */,
				B87E490327A7019F002E5111 /* Assets.xcassets in Resources */,
			);
			runOnlyForDeploymentPostprocessing = 0;
		};
		B87E490927A7019F002E5111 /* Resources */ = {
			isa = PBXResourcesBuildPhase;
			buildActionMask = 2147483647;
			files = (
			);
			runOnlyForDeploymentPostprocessing = 0;
		};
		B87E491327A7019F002E5111 /* Resources */ = {
			isa = PBXResourcesBuildPhase;
			buildActionMask = 2147483647;
			files = (
			);
			runOnlyForDeploymentPostprocessing = 0;
		};
/* End PBXResourcesBuildPhase section */

/* Begin PBXSourcesBuildPhase section */
		B87E48F727A7019D002E5111 /* Sources */ = {
			isa = PBXSourcesBuildPhase;
			buildActionMask = 2147483647;
			files = (
				B87E490127A7019D002E5111 /* ContentView.swift in Sources */,
				B87E48FF27A7019D002E5111 /* StargazeApp.swift in Sources */,
			);
			runOnlyForDeploymentPostprocessing = 0;
		};
		B87E490727A7019F002E5111 /* Sources */ = {
			isa = PBXSourcesBuildPhase;
			buildActionMask = 2147483647;
			files = (
				B87E491027A7019F002E5111 /* StargazeTests.swift in Sources */,
			);
			runOnlyForDeploymentPostprocessing = 0;
		};
		B87E491127A7019F002E5111 /* Sources */ = {
			isa = PBXSourcesBuildPhase;
			buildActionMask = 2147483647;
			files = (
				B87E491C27A7019F002E5111 /* StargazeUITestsLaunchTests.swift in Sources */,
				B87E491A27A7019F002E5111 /* StargazeUITests.swift in Sources */,
			);
			runOnlyForDeploymentPostprocessing = 0;
		};
/* End PBXSourcesBuildPhase section */

/* Begin PBXTargetDependency section */
		B87E490D27A7019F002E5111 /* PBXTargetDependency */ = {
			isa = PBXTargetDependency;
			target = B87E48FA27A7019D002E5111 /* Stargaze */;
			targetProxy = B87E490C27A7019F002E5111 /* PBXContainerItemProxy */;
		};
		B87E491727A7019F002E5111 /* PBXTargetDependency */ = {
			isa = PBXTargetDependency;
			target = B87E48FA27A7019D002E5111 /* Stargaze */;
			targetProxy = B87E491627A7019F002E5111 /* PBXContainerItemProxy */;
		};
/* End PBXTargetDependency section */

/* Begin XCBuildConfiguration section */
		B87E491D27A7019F002E5111 /* Debug */ = {
			isa = XCBuildConfiguration;
			buildSettings = {
				ALWAYS_SEARCH_USER_PATHS = NO;
				CLANG_ANALYZER_NONNULL = YES;
				CLANG_ANALYZER_NUMBER_OBJECT_CONVERSION = YES_AGGRESSIVE;
				CLANG_CXX_LANGUAGE_STANDARD = "gnu++17";
				CLANG_CXX_LIBRARY = "libc++";
				CLANG_ENABLE_MODULES = YES;
				CLANG_ENABLE_OBJC_ARC = YES;
				CLANG_ENABLE_OBJC_WEAK = YES;
				CLANG_WARN_BLOCK_CAPTURE_AUTORELEASING = YES;
				CLANG_WARN_BOOL_CONVERSION = YES;
				CLANG_WARN_COMMA = YES;
				CLANG_WARN_CONSTANT_CONVERSION = YES;
				CLANG_WARN_DEPRECATED_OBJC_IMPLEMENTATIONS = YES;
				CLANG_WARN_DIRECT_OBJC_ISA_USAGE = YES_ERROR;
				CLANG_WARN_DOCUMENTATION_COMMENTS = YES;
				CLANG_WARN_EMPTY_BODY = YES;
				CLANG_WARN_ENUM_CONVERSION = YES;
				CLANG_WARN_INFINITE_RECURSION = YES;
				CLANG_WARN_INT_CONVERSION = YES;
				CLANG_WARN_NON_LITERAL_NULL_CONVERSION = YES;
				CLANG_WARN_OBJC_IMPLICIT_RETAIN_SELF = YES;
				CLANG_WARN_OBJC_LITERAL_CONVERSION = YES;
				CLANG_WARN_OBJC_ROOT_CLASS = YES_ERROR;
				CLANG_WARN_QUOTED_INCLUDE_IN_FRAMEWORK_HEADER = YES;
				CLANG_WARN_RANGE_LOOP_ANALYSIS = YES;
				CLANG_WARN_STRICT_PROTOTYPES = YES;
				CLANG_WARN_SUSPICIOUS_MOVE = YES;
				CLANG_WARN_UNGUARDED_AVAILABILITY = YES_AGGRESSIVE;
				CLANG_WARN_UNREACHABLE_CODE = YES;
				CLANG_WARN__DUPLICATE_METHOD_MATCH = YES;
				COPY_PHASE_STRIP = NO;
				DEBUG_INFORMATION_FORMAT = dwarf;
				ENABLE_STRICT_OBJC_MSGSEND = YES;
				ENABLE_TESTABILITY = YES;
				GCC_C_LANGUAGE_STANDARD = gnu11;
				GCC_DYNAMIC_NO_PIC = NO;
				GCC_NO_COMMON_BLOCKS = YES;
				GCC_OPTIMIZATION_LEVEL = 0;
				GCC_PREPROCESSOR_DEFINITIONS = (
					"DEBUG=1",
					"$(inherited)",
				);
				GCC_WARN_64_TO_32_BIT_CONVERSION = YES;
				GCC_WARN_ABOUT_RETURN_TYPE = YES_ERROR;
				GCC_WARN_UNDECLARED_SELECTOR = YES;
				GCC_WARN_UNINITIALIZED_AUTOS = YES_AGGRESSIVE;
				GCC_WARN_UNUSED_FUNCTION = YES;
				GCC_WARN_UNUSED_VARIABLE = YES;
				IPHONEOS_DEPLOYMENT_TARGET = 15.2;
				MTL_ENABLE_DEBUG_INFO = INCLUDE_SOURCE;
				MTL_FAST_MATH = YES;
				ONLY_ACTIVE_ARCH = YES;
				SDKROOT = iphoneos;
				SWIFT_ACTIVE_COMPILATION_CONDITIONS = DEBUG;
				SWIFT_OPTIMIZATION_LEVEL = "-Onone";
			};
			name = Debug;
		};
		B87E491E27A7019F002E5111 /* Release */ = {
			isa = XCBuildConfiguration;
			buildSettings = {
				ALWAYS_SEARCH_USER_PATHS = NO;
				CLANG_ANALYZER_NONNULL = YES;
				CLANG_ANALYZER_NUMBER_OBJECT_CONVERSION = YES_AGGRESSIVE;
				CLANG_CXX_LANGUAGE_STANDARD = "gnu++17";
				CLANG_CXX_LIBRARY = "libc++";
				CLANG_ENABLE_MODULES = YES;
				CLANG_ENABLE_OBJC_ARC = YES;
				CLANG_ENABLE_OBJC_WEAK = YES;
				CLANG_WARN_BLOCK_CAPTURE_AUTORELEASING = YES;
				CLANG_WARN_BOOL_CONVERSION = YES;
				CLANG_WARN_COMMA = YES;
				CLANG_WARN_CONSTANT_CONVERSION = YES;
				CLANG_WARN_DEPRECATED_OBJC_IMPLEMENTATIONS = YES;
				CLANG_WARN_DIRECT_OBJC_ISA_USAGE = YES_ERROR;
				CLANG_WARN_DOCUMENTATION_COMMENTS = YES;
				CLANG_WARN_EMPTY_BODY = YES;
				CLANG_WARN_ENUM_CONVERSION = YES;
				CLANG_WARN_INFINITE_RECURSION = YES;
				CLANG_WARN_INT_CONVERSION = YES;
				CLANG_WARN_NON_LITERAL_NULL_CONVERSION = YES;
				CLANG_WARN_OBJC_IMPLICIT_RETAIN_SELF = YES;
				CLANG_WARN_OBJC_LITERAL_CONVERSION = YES;
				CLANG_WARN_OBJC_ROOT_CLASS = YES_ERROR;
				CLANG_WARN_QUOTED_INCLUDE_IN_FRAMEWORK_HEADER = YES;
				CLANG_WARN_RANGE_LOOP_ANALYSIS = YES;
				CLANG_WARN_STRICT_PROTOTYPES = YES;
				CLANG_WARN_SUSPICIOUS_MOVE = YES;
				CLANG_WARN_UNGUARDED_AVAILABILITY = YES_AGGRESSIVE;
				CLANG_WARN_UNREACHABLE_CODE = YES;
				CLANG_WARN__DUPLICATE_METHOD_MATCH = YES;
				COPY_PHASE_STRIP = NO;
				DEBUG_INFORMATION_FORMAT = "dwarf-with-dsym";
				ENABLE_NS_ASSERTIONS = NO;
				ENABLE_STRICT_OBJC_MSGSEND = YES;
				GCC_C_LANGUAGE_STANDARD = gnu11;
				GCC_NO_COMMON_BLOCKS = YES;
				GCC_WARN_64_TO_32_BIT_CONVERSION = YES;
				GCC_WARN_ABOUT_RETURN_TYPE = YES_ERROR;
				GCC_WARN_UNDECLARED_SELECTOR = YES;
				GCC_WARN_UNINITIALIZED_AUTOS = YES_AGGRESSIVE;
				GCC_WARN_UNUSED_FUNCTION = YES;
				GCC_WARN_UNUSED_VARIABLE = YES;
				IPHONEOS_DEPLOYMENT_TARGET = 15.2;
				MTL_ENABLE_DEBUG_INFO = NO;
				MTL_FAST_MATH = YES;
				SDKROOT = iphoneos;
				SWIFT_COMPILATION_MODE = wholemodule;
				SWIFT_OPTIMIZATION_LEVEL = "-O";
				VALIDATE_PRODUCT = YES;
			};
			name = Release;
		};
		B87E492027A7019F002E5111 /* Debug */ = {
			isa = XCBuildConfiguration;
			buildSettings = {
				ASSETCATALOG_COMPILER_APPICON_NAME = AppIcon;
				ASSETCATALOG_COMPILER_GLOBAL_ACCENT_COLOR_NAME = AccentColor;
				CODE_SIGN_STYLE = Automatic;
				CURRENT_PROJECT_VERSION = 1;
				DEVELOPMENT_ASSET_PATHS = "\"Stargaze/Preview Content\"";
				DEVELOPMENT_TEAM = WLGFZCD2AB;
				ENABLE_PREVIEWS = YES;
				GENERATE_INFOPLIST_FILE = YES;
				INFOPLIST_KEY_UIApplicationSceneManifest_Generation = YES;
				INFOPLIST_KEY_UIApplicationSupportsIndirectInputEvents = YES;
				INFOPLIST_KEY_UILaunchScreen_Generation = YES;
				INFOPLIST_KEY_UISupportedInterfaceOrientations_iPad = "UIInterfaceOrientationPortrait UIInterfaceOrientationPortraitUpsideDown UIInterfaceOrientationLandscapeLeft UIInterfaceOrientationLandscapeRight";
				INFOPLIST_KEY_UISupportedInterfaceOrientations_iPhone = "UIInterfaceOrientationPortrait UIInterfaceOrientationLandscapeLeft UIInterfaceOrientationLandscapeRight";
				LD_RUNPATH_SEARCH_PATHS = (
					"$(inherited)",
					"@executable_path/Frameworks",
				);
				MARKETING_VERSION = 1.0;
				PRODUCT_BUNDLE_IDENTIFIER = com.martin.Stargaze;
				PRODUCT_NAME = "$(TARGET_NAME)";
				SWIFT_EMIT_LOC_STRINGS = YES;
				SWIFT_VERSION = 5.0;
				TARGETED_DEVICE_FAMILY = "1,2";
			};
			name = Debug;
		};
		B87E492127A7019F002E5111 /* Release */ = {
			isa = XCBuildConfiguration;
			buildSettings = {
				ASSETCATALOG_COMPILER_APPICON_NAME = AppIcon;
				ASSETCATALOG_COMPILER_GLOBAL_ACCENT_COLOR_NAME = AccentColor;
				CODE_SIGN_STYLE = Automatic;
				CURRENT_PROJECT_VERSION = 1;
				DEVELOPMENT_ASSET_PATHS = "\"Stargaze/Preview Content\"";
				DEVELOPMENT_TEAM = WLGFZCD2AB;
				ENABLE_PREVIEWS = YES;
				GENERATE_INFOPLIST_FILE = YES;
				INFOPLIST_KEY_UIApplicationSceneManifest_Generation = YES;
				INFOPLIST_KEY_UIApplicationSupportsIndirectInputEvents = YES;
				INFOPLIST_KEY_UILaunchScreen_Generation = YES;
				INFOPLIST_KEY_UISupportedInterfaceOrientations_iPad = "UIInterfaceOrientationPortrait UIInterfaceOrientationPortraitUpsideDown UIInterfaceOrientationLandscapeLeft UIInterfaceOrientationLandscapeRight";
				INFOPLIST_KEY_UISupportedInterfaceOrientations_iPhone = "UIInterfaceOrientationPortrait UIInterfaceOrientationLandscapeLeft UIInterfaceOrientationLandscapeRight";
				LD_RUNPATH_SEARCH_PATHS = (
					"$(inherited)",
					"@executable_path/Frameworks",
				);
				MARKETING_VERSION = 1.0;
				PRODUCT_BUNDLE_IDENTIFIER = com.martin.Stargaze;
				PRODUCT_NAME = "$(TARGET_NAME)";
				SWIFT_EMIT_LOC_STRINGS = YES;
				SWIFT_VERSION = 5.0;
				TARGETED_DEVICE_FAMILY = "1,2";
			};
			name = Release;
		};
		B87E492327A7019F002E5111 /* Debug */ = {
			isa = XCBuildConfiguration;
			buildSettings = {
				ALWAYS_EMBED_SWIFT_STANDARD_LIBRARIES = YES;
				BUNDLE_LOADER = "$(TEST_HOST)";
				CODE_SIGN_STYLE = Automatic;
				CURRENT_PROJECT_VERSION = 1;
				DEVELOPMENT_TEAM = WLGFZCD2AB;
				GENERATE_INFOPLIST_FILE = YES;
				IPHONEOS_DEPLOYMENT_TARGET = 15.2;
				MARKETING_VERSION = 1.0;
				PRODUCT_BUNDLE_IDENTIFIER = com.martin.StargazeTests;
				PRODUCT_NAME = "$(TARGET_NAME)";
				SWIFT_EMIT_LOC_STRINGS = NO;
				SWIFT_VERSION = 5.0;
				TARGETED_DEVICE_FAMILY = "1,2";
				TEST_HOST = "$(BUILT_PRODUCTS_DIR)/Stargaze.app/Stargaze";
			};
			name = Debug;
		};
		B87E492427A7019F002E5111 /* Release */ = {
			isa = XCBuildConfiguration;
			buildSettings = {
				ALWAYS_EMBED_SWIFT_STANDARD_LIBRARIES = YES;
				BUNDLE_LOADER = "$(TEST_HOST)";
				CODE_SIGN_STYLE = Automatic;
				CURRENT_PROJECT_VERSION = 1;
				DEVELOPMENT_TEAM = WLGFZCD2AB;
				GENERATE_INFOPLIST_FILE = YES;
				IPHONEOS_DEPLOYMENT_TARGET = 15.2;
				MARKETING_VERSION = 1.0;
				PRODUCT_BUNDLE_IDENTIFIER = com.martin.StargazeTests;
				PRODUCT_NAME = "$(TARGET_NAME)";
				SWIFT_EMIT_LOC_STRINGS = NO;
				SWIFT_VERSION = 5.0;
				TARGETED_DEVICE_FAMILY = "1,2";
				TEST_HOST = "$(BUILT_PRODUCTS_DIR)/Stargaze.app/Stargaze";
			};
			name = Release;
		};
		B87E492627A7019F002E5111 /* Debug */ = {
			isa = XCBuildConfiguration;
			buildSettings = {
				ALWAYS_EMBED_SWIFT_STANDARD_LIBRARIES = YES;
				CODE_SIGN_STYLE = Automatic;
				CURRENT_PROJECT_VERSION = 1;
				DEVELOPMENT_TEAM = WLGFZCD2AB;
				GENERATE_INFOPLIST_FILE = YES;
				MARKETING_VERSION = 1.0;
				PRODUCT_BUNDLE_IDENTIFIER = com.martin.StargazeUITests;
				PRODUCT_NAME = "$(TARGET_NAME)";
				SWIFT_EMIT_LOC_STRINGS = NO;
				SWIFT_VERSION = 5.0;
				TARGETED_DEVICE_FAMILY = "1,2";
				TEST_TARGET_NAME = Stargaze;
			};
			name = Debug;
		};
		B87E492727A7019F002E5111 /* Release */ = {
			isa = XCBuildConfiguration;
			buildSettings = {
				ALWAYS_EMBED_SWIFT_STANDARD_LIBRARIES = YES;
				CODE_SIGN_STYLE = Automatic;
				CURRENT_PROJECT_VERSION = 1;
				DEVELOPMENT_TEAM = WLGFZCD2AB;
				GENERATE_INFOPLIST_FILE = YES;
				MARKETING_VERSION = 1.0;
				PRODUCT_BUNDLE_IDENTIFIER = com.martin.StargazeUITests;
				PRODUCT_NAME = "$(TARGET_NAME)";
				SWIFT_EMIT_LOC_STRINGS = NO;
				SWIFT_VERSION = 5.0;
				TARGETED_DEVICE_FAMILY = "1,2";
				TEST_TARGET_NAME = Stargaze;
			};
			name = Release;
		};
/* End XCBuildConfiguration section */

/* Begin XCConfigurationList section */
		B87E48F627A7019D002E5111 /* Build configuration list for PBXProject "Stargaze" */ = {
			isa = XCConfigurationList;
			buildConfigurations = (
				B87E491D27A7019F002E5111 /* Debug */,
				B87E491E27A7019F002E5111 /* Release */,
			);
			defaultConfigurationIsVisible = 0;
			defaultConfigurationName = Release;
		};
		B87E491F27A7019F002E5111 /* Build configuration list for PBXNativeTarget "Stargaze" */ = {
			isa = XCConfigurationList;
			buildConfigurations = (
				B87E492027A7019F002E5111 /* Debug */,
				B87E492127A7019F002E5111 /* Release */,
			);
			defaultConfigurationIsVisible = 0;
			defaultConfigurationName = Release;
		};
		B87E492227A7019F002E5111 /* Build configuration list for PBXNativeTarget "StargazeTests" */ = {
			isa = XCConfigurationList;
			buildConfigurations = (
				B87E492327A7019F002E5111 /* Debug */,
				B87E492427A7019F002E5111 /* Release */,
			);
			defaultConfigurationIsVisible = 0;
			defaultConfigurationName = Release;
		};
		B87E492527A7019F002E5111 /* Build configuration list for PBXNativeTarget "StargazeUITests" */ = {
			isa = XCConfigurationList;
			buildConfigurations = (
				B87E492627A7019F002E5111 /* Debug */,
				B87E492727A7019F002E5111 /* Release */,
			);
			defaultConfigurationIsVisible = 0;
			defaultConfigurationName = Release;
		};
/* End XCConfigurationList section */

/* Begin XCRemoteSwiftPackageReference section */
		B87E492827A70220002E5111 /* XCRemoteSwiftPackageReference "Resolver" */ = {
			isa = XCRemoteSwiftPackageReference;
			repositoryURL = "https://github.com/hmlongco/Resolver.git";
			requirement = {
				kind = upToNextMajorVersion;
				minimumVersion = 1.0.0;
			};
		};
		B87E492B27A70238002E5111 /* XCRemoteSwiftPackageReference "SwiftUICombineToolBox" */ = {
			isa = XCRemoteSwiftPackageReference;
			repositoryURL = "https://github.com/lukacs-m/SwiftUICombineToolBox";
			requirement = {
				branch = master;
				kind = branch;
			};
		};
		B87E492E27A7031E002E5111 /* XCRemoteSwiftPackageReference "Kingfisher" */ = {
			isa = XCRemoteSwiftPackageReference;
			repositoryURL = "https://github.com/onevcat/Kingfisher.git";
			requirement = {
				kind = upToNextMajorVersion;
				minimumVersion = 7.0.0;
			};
		};
/* End XCRemoteSwiftPackageReference section */

/* Begin XCSwiftPackageProductDependency section */
		B87E492927A70220002E5111 /* Resolver */ = {
			isa = XCSwiftPackageProductDependency;
			package = B87E492827A70220002E5111 /* XCRemoteSwiftPackageReference "Resolver" */;
			productName = Resolver;
		};
		B87E492C27A70239002E5111 /* SwiftUICombineToolBox */ = {
			isa = XCSwiftPackageProductDependency;
			package = B87E492B27A70238002E5111 /* XCRemoteSwiftPackageReference "SwiftUICombineToolBox" */;
			productName = SwiftUICombineToolBox;
		};
		B87E492F27A7031E002E5111 /* Kingfisher */ = {
			isa = XCSwiftPackageProductDependency;
			package = B87E492E27A7031E002E5111 /* XCRemoteSwiftPackageReference "Kingfisher" */;
			productName = Kingfisher;
		};
/* End XCSwiftPackageProductDependency section */
	};
	rootObject = B87E48F327A7019D002E5111 /* Project object */;
}
